
Microsoft Visual Studio Solution File, Format Version 12.00
# Visual Studio Version 17
VisualStudioVersion = 17.13.35931.197 d17.13
MinimumVisualStudioVersion = 10.0.40219.1
Project("{FAE04EC0-301F-11D3-BF4B-00C04F79EFBC}") = "CharString", "CharString\CharString.csproj", "{0A8BD756-5423-4495-9D18-FA73BA6D9A83}"
EndProject
Global
	GlobalSection(SolutionConfigurationPlatforms) = preSolution
		Debug|Any CPU = Debug|Any CPU
		Release|Any CPU = Release|Any CPU
	EndGlobalSection
	GlobalSection(ProjectConfigurationPlatforms) = postSolution
		{0A8BD756-5423-4495-9D18-FA73BA6D9A83}.Debug|Any CPU.ActiveCfg = Debug|Any CPU
		{0A8BD756-5423-4495-9D18-FA73BA6D9A83}.Debug|Any CPU.Build.0 = Debug|Any CPU
		{0A8BD756-5423-4495-9D18-FA73BA6D9A83}.Release|Any CPU.ActiveCfg = Release|Any CPU
		{0A8BD756-5423-4495-9D18-FA73BA6D9A83}.Release|Any CPU.Build.0 = Release|Any CPU
	EndGlobalSection
	GlobalSection(SolutionProperties) = preSolution
		HideSolutionNode = FALSE
	EndGlobalSection
	GlobalSection(ExtensibilityGlobals) = postSolution
		SolutionGuid = {E8F2AB02-E73A-4F20-9B4C-3147204BE144}
	EndGlobalSection
EndGlobal
